github.com/Succo/countrymoji v0.0.0-20200203190205-152a90d07fd6 h1:U6vEdUMiLVNVw2vnOe9U/gQxrGiGRKWXPgPVdSVRJrw=
github.com/Succo/countrymoji v0.0.0-20200203190205-152a90d07fd6/go.mod h1:3c4UFnu/i06BBMcR56w3AwYrjizeTrfAcCjFnypWtP4=
golang.org/x/text v0.3.4 h1:0YWbFKbhXG/wIiuHDSKpS0Iy7FSA+u45VtBMfQcFTTc=
golang.org/x/text v0.3.4/go.mod h1:5Zoc/QRtKVWzQhOtBMvqHzDpF6irO9z98xDceosuGiQ=
golang.org/x/tools v0.0.0-20180917221912-90fa682c2a6e/go.mod h1:n7NCudcB/nEzxVGmLbDWY5pfWTLqBcC2KZ6jyYvM4mQ=
